# THIS IS AN AUTOGENERATED FILE. DO NOT EDIT THIS FILE DIRECTLY.
# yarn lockfile v1


"@ngxs/devtools-plugin@^3.2.0":
  version "3.2.0"
  resolved "https://registry.yarnpkg.com/@ngxs/devtools-plugin/-/devtools-plugin-3.2.0.tgz#4cca564022b91e7f84c86671f078092441bcd0f5"
  dependencies:
    tslib "^1.9.0"

"@ngxs/logger-plugin@^3.2.0":
  version "3.2.0"
  resolved "https://registry.yarnpkg.com/@ngxs/logger-plugin/-/logger-plugin-3.2.0.tgz#c2b40b79c7b41ca0ef930b25bd19e07043cf7774"
  dependencies:
    tslib "^1.9.0"

tslib@^1.9.0:
  version "1.9.3"
  resolved "https://registry.yarnpkg.com/tslib/-/tslib-1.9.3.tgz#d7e4dd79245d85428c4d7e4822a79917954ca286"
